
Microsoft Visual Studio Solution File, Format Version 12.00
# Visual Studio Version 16
VisualStudioVersion = 16.0.32228.343
MinimumVisualStudioVersion = 10.0.40219.1
Project("{FAE04EC0-301F-11D3-BF4B-00C04F79EFBC}") = "NET ININ3_PR2_z3", "NET ININ3_PR2_z3.csproj", "{DAD6B75B-7007-47EE-83F8-E6005E6A6414}"
EndProject
Global
	GlobalSection(SolutionConfigurationPlatforms) = preSolution
		Debug|Any CPU = Debug|Any CPU
		Release|Any CPU = Release|Any CPU
	EndGlobalSection
	GlobalSection(ProjectConfigurationPlatforms) = postSolution
		{DAD6B75B-7007-47EE-83F8-E6005E6A6414}.Debug|Any CPU.ActiveCfg = Debug|Any CPU
		{DAD6B75B-7007-47EE-83F8-E6005E6A6414}.Debug|Any CPU.Build.0 = Debug|Any CPU
		{DAD6B75B-7007-47EE-83F8-E6005E6A6414}.Release|Any CPU.ActiveCfg = Release|Any CPU
		{DAD6B75B-7007-47EE-83F8-E6005E6A6414}.Release|Any CPU.Build.0 = Release|Any CPU
	EndGlobalSection
	GlobalSection(SolutionProperties) = preSolution
		HideSolutionNode = FALSE
	EndGlobalSection
	GlobalSection(ExtensibilityGlobals) = postSolution
		SolutionGuid = {2A7CB175-5BFF-4313-8354-E4F0A36669D3}
	EndGlobalSection
EndGlobal
